
Microsoft Visual Studio Solution File, Format Version 12.00
# Visual Studio Version 16
VisualStudioVersion = 16.0.29411.108
MinimumVisualStudioVersion = 10.0.40219.1
Project("{FAE04EC0-301F-11D3-BF4B-00C04F79EFBC}") = "Mica", "Mica\Mica.csproj", "{4728F1D0-EA3D-4992-AFD8-DEE4718ABC32}"
EndProject
Project("{FAE04EC0-301F-11D3-BF4B-00C04F79EFBC}") = "Mica.Tests", "Mica.Tests\Mica.Tests.csproj", "{1EA7CC48-2939-4BD8-BA32-6938725BD7F2}"
EndProject
Global
	GlobalSection(SolutionConfigurationPlatforms) = preSolution
		Debug|Any CPU = Debug|Any CPU
		Release|Any CPU = Release|Any CPU
	EndGlobalSection
	GlobalSection(ProjectConfigurationPlatforms) = postSolution
		{4728F1D0-EA3D-4992-AFD8-DEE4718ABC32}.Debug|Any CPU.ActiveCfg = Debug|Any CPU
		{4728F1D0-EA3D-4992-AFD8-DEE4718ABC32}.Debug|Any CPU.Build.0 = Debug|Any CPU
		{4728F1D0-EA3D-4992-AFD8-DEE4718ABC32}.Release|Any CPU.ActiveCfg = Release|Any CPU
		{4728F1D0-EA3D-4992-AFD8-DEE4718ABC32}.Release|Any CPU.Build.0 = Release|Any CPU
		{1EA7CC48-2939-4BD8-BA32-6938725BD7F2}.Debug|Any CPU.ActiveCfg = Debug|Any CPU
		{1EA7CC48-2939-4BD8-BA32-6938725BD7F2}.Debug|Any CPU.Build.0 = Debug|Any CPU
		{1EA7CC48-2939-4BD8-BA32-6938725BD7F2}.Release|Any CPU.ActiveCfg = Release|Any CPU
		{1EA7CC48-2939-4BD8-BA32-6938725BD7F2}.Release|Any CPU.Build.0 = Release|Any CPU
	EndGlobalSection
	GlobalSection(SolutionProperties) = preSolution
		HideSolutionNode = FALSE
	EndGlobalSection
	GlobalSection(ExtensibilityGlobals) = postSolution
		SolutionGuid = {CAB8BD8D-F142-4473-9376-7DD21DDBF0D0}
	EndGlobalSection
EndGlobal
